
Microsoft Visual Studio Solution File, Format Version 12.00
# Visual Studio Version 16
VisualStudioVersion = 16.0.31911.196
MinimumVisualStudioVersion = 10.0.40219.1
Project("{FAE04EC0-301F-11D3-BF4B-00C04F79EFBC}") = "OOP", "OOP\OOP.csproj", "{EC20D2D1-1F50-46FE-B952-C738B366A354}"
EndProject
Global
	GlobalSection(SolutionConfigurationPlatforms) = preSolution
		Debug|Any CPU = Debug|Any CPU
		Release|Any CPU = Release|Any CPU
	EndGlobalSection
	GlobalSection(ProjectConfigurationPlatforms) = postSolution
		{EC20D2D1-1F50-46FE-B952-C738B366A354}.Debug|Any CPU.ActiveCfg = Debug|Any CPU
		{EC20D2D1-1F50-46FE-B952-C738B366A354}.Debug|Any CPU.Build.0 = Debug|Any CPU
		{EC20D2D1-1F50-46FE-B952-C738B366A354}.Release|Any CPU.ActiveCfg = Release|Any CPU
		{EC20D2D1-1F50-46FE-B952-C738B366A354}.Release|Any CPU.Build.0 = Release|Any CPU
	EndGlobalSection
	GlobalSection(SolutionProperties) = preSolution
		HideSolutionNode = FALSE
	EndGlobalSection
	GlobalSection(ExtensibilityGlobals) = postSolution
		SolutionGuid = {230EC53B-9974-4B48-AA7A-4917B3DCE3C7}
	EndGlobalSection
EndGlobal
